
Microsoft Visual Studio Solution File, Format Version 12.00
# Visual Studio Version 17
VisualStudioVersion = 17.1.32414.318
MinimumVisualStudioVersion = 10.0.40219.1
Project("{9A19103F-16F7-4668-BE54-9A1E7A4F7556}") = "ELK.Example.API", "ELK.Example.API.csproj", "{2898EBFE-C5EE-4975-94A4-1C2A57C33ACC}"
EndProject
Global
	GlobalSection(SolutionConfigurationPlatforms) = preSolution
		Debug|Any CPU = Debug|Any CPU
		Release|Any CPU = Release|Any CPU
	EndGlobalSection
	GlobalSection(ProjectConfigurationPlatforms) = postSolution
		{2898EBFE-C5EE-4975-94A4-1C2A57C33ACC}.Debug|Any CPU.ActiveCfg = Debug|Any CPU
		{2898EBFE-C5EE-4975-94A4-1C2A57C33ACC}.Debug|Any CPU.Build.0 = Debug|Any CPU
		{2898EBFE-C5EE-4975-94A4-1C2A57C33ACC}.Release|Any CPU.ActiveCfg = Release|Any CPU
		{2898EBFE-C5EE-4975-94A4-1C2A57C33ACC}.Release|Any CPU.Build.0 = Release|Any CPU
	EndGlobalSection
	GlobalSection(SolutionProperties) = preSolution
		HideSolutionNode = FALSE
	EndGlobalSection
	GlobalSection(ExtensibilityGlobals) = postSolution
		SolutionGuid = {53956BA4-8BDE-40EE-8FAE-DA2F5279F661}
	EndGlobalSection
EndGlobal
